
Microsoft Visual Studio Solution File, Format Version 12.00
# Visual Studio Version 17
VisualStudioVersion = 17.14.36203.30
MinimumVisualStudioVersion = 10.0.40219.1
Project("{FAE04EC0-301F-11D3-BF4B-00C04F79EFBC}") = "NZWalks.API", "NZWalks.API\NZWalks.API.csproj", "{9E7C88BD-E0B5-44D7-AA3E-33E234865EFD}"
EndProject
Project("{FAE04EC0-301F-11D3-BF4B-00C04F79EFBC}") = "NZWalks.UI", "NZWalks.UI\NZWalks.UI.csproj", "{9C3233FC-5328-42B3-A1F2-1CA0513553D9}"
EndProject
Global
	GlobalSection(SolutionConfigurationPlatforms) = preSolution
		Debug|Any CPU = Debug|Any CPU
		Release|Any CPU = Release|Any CPU
	EndGlobalSection
	GlobalSection(ProjectConfigurationPlatforms) = postSolution
		{9E7C88BD-E0B5-44D7-AA3E-33E234865EFD}.Debug|Any CPU.ActiveCfg = Debug|Any CPU
		{9E7C88BD-E0B5-44D7-AA3E-33E234865EFD}.Debug|Any CPU.Build.0 = Debug|Any CPU
		{9E7C88BD-E0B5-44D7-AA3E-33E234865EFD}.Release|Any CPU.ActiveCfg = Release|Any CPU
		{9E7C88BD-E0B5-44D7-AA3E-33E234865EFD}.Release|Any CPU.Build.0 = Release|Any CPU
		{9C3233FC-5328-42B3-A1F2-1CA0513553D9}.Debug|Any CPU.ActiveCfg = Debug|Any CPU
		{9C3233FC-5328-42B3-A1F2-1CA0513553D9}.Debug|Any CPU.Build.0 = Debug|Any CPU
		{9C3233FC-5328-42B3-A1F2-1CA0513553D9}.Release|Any CPU.ActiveCfg = Release|Any CPU
		{9C3233FC-5328-42B3-A1F2-1CA0513553D9}.Release|Any CPU.Build.0 = Release|Any CPU
	EndGlobalSection
	GlobalSection(SolutionProperties) = preSolution
		HideSolutionNode = FALSE
	EndGlobalSection
	GlobalSection(ExtensibilityGlobals) = postSolution
		SolutionGuid = {5063156C-F76C-4FF8-AF7A-DEDB0774EB3D}
	EndGlobalSection
EndGlobal
